
Microsoft Visual Studio Solution File, Format Version 12.00
# Visual Studio Version 17
VisualStudioVersion = 17.1.32210.238
MinimumVisualStudioVersion = 10.0.40219.1
Project("{FAE04EC0-301F-11D3-BF4B-00C04F79EFBC}") = "PaymentAPI2", "PaymentAPI2\PaymentAPI2.csproj", "{92123C82-C496-4EC7-B546-82CE4DB1406E}"
EndProject
Global
	GlobalSection(SolutionConfigurationPlatforms) = preSolution
		Debug|Any CPU = Debug|Any CPU
		Release|Any CPU = Release|Any CPU
	EndGlobalSection
	GlobalSection(ProjectConfigurationPlatforms) = postSolution
		{92123C82-C496-4EC7-B546-82CE4DB1406E}.Debug|Any CPU.ActiveCfg = Debug|Any CPU
		{92123C82-C496-4EC7-B546-82CE4DB1406E}.Debug|Any CPU.Build.0 = Debug|Any CPU
		{92123C82-C496-4EC7-B546-82CE4DB1406E}.Release|Any CPU.ActiveCfg = Release|Any CPU
		{92123C82-C496-4EC7-B546-82CE4DB1406E}.Release|Any CPU.Build.0 = Release|Any CPU
	EndGlobalSection
	GlobalSection(SolutionProperties) = preSolution
		HideSolutionNode = FALSE
	EndGlobalSection
	GlobalSection(ExtensibilityGlobals) = postSolution
		SolutionGuid = {092B53F0-022A-46D4-8FB1-85D644C818D8}
	EndGlobalSection
EndGlobal
